
Microsoft Visual Studio Solution File, Format Version 12.00
# Visual Studio 15
VisualStudioVersion = 15.0.27004.2005
MinimumVisualStudioVersion = 10.0.40219.1
Project("{8BC9CEB8-8B4A-11D0-8D11-00A0C91BC942}") = "BullCowGames", "BullCowGames\BullCowGames.vcxproj", "{3205E2C7-E0BE-41E4-BF09-213996F1B37A}"
EndProject
Global
	GlobalSection(SolutionConfigurationPlatforms) = preSolution
		Debug|x64 = Debug|x64
		Debug|x86 = Debug|x86
		Release|x64 = Release|x64
		Release|x86 = Release|x86
	EndGlobalSection
	GlobalSection(ProjectConfigurationPlatforms) = postSolution
		{3205E2C7-E0BE-41E4-BF09-213996F1B37A}.Debug|x64.ActiveCfg = Debug|x64
		{3205E2C7-E0BE-41E4-BF09-213996F1B37A}.Debug|x64.Build.0 = Debug|x64
		{3205E2C7-E0BE-41E4-BF09-213996F1B37A}.Debug|x86.ActiveCfg = Debug|Win32
		{3205E2C7-E0BE-41E4-BF09-213996F1B37A}.Debug|x86.Build.0 = Debug|Win32
		{3205E2C7-E0BE-41E4-BF09-213996F1B37A}.Release|x64.ActiveCfg = Release|x64
		{3205E2C7-E0BE-41E4-BF09-213996F1B37A}.Release|x64.Build.0 = Release|x64
		{3205E2C7-E0BE-41E4-BF09-213996F1B37A}.Release|x86.ActiveCfg = Release|Win32
		{3205E2C7-E0BE-41E4-BF09-213996F1B37A}.Release|x86.Build.0 = Release|Win32
	EndGlobalSection
	GlobalSection(SolutionProperties) = preSolution
		HideSolutionNode = FALSE
	EndGlobalSection
	GlobalSection(ExtensibilityGlobals) = postSolution
		SolutionGuid = {BB3B6855-258A-42A4-B4BC-B4BDC2873451}
	EndGlobalSection
EndGlobal
